// !$*UTF8*$!
{
	archiveVersion = 1;
	classes = {
	};
	objectVersion = 56;
	objects = {

/* Begin PBXBuildFile section */
		B5DA200E2DB9B290004D010F /* DailyAffirmationsApp.swift in Sources */ = {isa = PBXBuildFile; fileRef = B5DA200D2DB9B290004D010F /* DailyAffirmationsApp.swift */; };
		B5DA20102DB9B290004D010F /* ContentView.swift in Sources */ = {isa = PBXBuildFile; fileRef = B5DA200F2DB9B290004D010F /* ContentView.swift */; };
		B5DA20122DB9B299004D010F /* Assets.xcassets in Resources */ = {isa = PBXBuildFile; fileRef = B5DA20112DB9B299004D010F /* Assets.xcassets */; };
		B5DA20152DB9B299004D010F /* Preview Assets.xcassets in Resources */ = {isa = PBXBuildFile; fileRef = B5DA20142DB9B299004D010F /* Preview Assets.xcassets */; };
		B5DA201F2DB9B29A004D010F /* DailyAffirmationsTests.swift in Sources */ = {isa = PBXBuildFile; fileRef = B5DA201E2DB9B29A004D010F /* DailyAffirmationsTests.swift */; };
		B5DA20292DB9B29A004D010F /* DailyAffirmationsUITests.swift in Sources */ = {isa = PBXBuildFile; fileRef = B5DA20282DB9B29A004D010F /* DailyAffirmationsUITests.swift */; };
		B5DA202B2DB9B29A004D010F /* DailyAffirmationsUITestsLaunchTests.swift in Sources */ = {isa = PBXBuildFile; fileRef = B5DA202A2DB9B29A004D010F /* DailyAffirmationsUITestsLaunchTests.swift */; };
		B5DA20382DB9C267004D010F /* AboutView.swift in Sources */ = {isa = PBXBuildFile; fileRef = B5DA20372DB9C267004D010F /* AboutView.swift */; };
/* End PBXBuildFile section */

/* Begin PBXContainerItemProxy section */
		B5DA201B2DB9B29A004D010F /* PBXContainerItemProxy */ = {
			isa = PBXContainerItemProxy;
			containerPortal = B5DA20022DB9B290004D010F /* Project object */;
			proxyType = 1;
			remoteGlobalIDString = B5DA20092DB9B290004D010F;
			remoteInfo = DailyAffirmations;
		};
		B5DA20252DB9B29A004D010F /* PBXContainerItemProxy */ = {
			isa = PBXContainerItemProxy;
			containerPortal = B5DA20022DB9B290004D010F /* Project object */;
			proxyType = 1;
			remoteGlobalIDString = B5DA20092DB9B290004D010F;
			remoteInfo = DailyAffirmations;
		};
/* End PBXContainerItemProxy section */

/* Begin PBXFileReference section */
		B5DA200A2DB9B290004D010F /* DailyAffirmations.app */ = {isa = PBXFileReference; explicitFileType = wrapper.application; includeInIndex = 0; path = DailyAffirmations.app; sourceTree = BUILT_PRODUCTS_DIR; };
		B5DA200D2DB9B290004D010F /* DailyAffirmationsApp.swift */ = {isa = PBXFileReference; lastKnownFileType = sourcecode.swift; path = DailyAffirmationsApp.swift; sourceTree = "<group>"; };
		B5DA200F2DB9B290004D010F /* ContentView.swift */ = {isa = PBXFileReference; lastKnownFileType = sourcecode.swift; path = ContentView.swift; sourceTree = "<group>"; };
		B5DA20112DB9B299004D010F /* Assets.xcassets */ = {isa = PBXFileReference; lastKnownFileType = folder.assetcatalog; path = Assets.xcassets; sourceTree = "<group>"; };
		B5DA20142DB9B299004D010F /* Preview Assets.xcassets */ = {isa = PBXFileReference; lastKnownFileType = folder.assetcatalog; path = "Preview Assets.xcassets"; sourceTree = "<group>"; };
		B5DA201A2DB9B29A004D010F /* DailyAffirmationsTests.xctest */ = {isa = PBXFileReference; explicitFileType = wrapper.cfbundle; includeInIndex = 0; path = DailyAffirmationsTests.xctest; sourceTree = BUILT_PRODUCTS_DIR; };
		B5DA201E2DB9B29A004D010F /* DailyAffirmationsTests.swift */ = {isa = PBXFileReference; lastKnownFileType = sourcecode.swift; path = DailyAffirmationsTests.swift; sourceTree = "<group>"; };
		B5DA20242DB9B29A004D010F /* DailyAffirmationsUITests.xctest */ = {isa = PBXFileReference; explicitFileType = wrapper.cfbundle; includeInIndex = 0; path = DailyAffirmationsUITests.xctest; sourceTree = BUILT_PRODUCTS_DIR; };
		B5DA20282DB9B29A004D010F /* DailyAffirmationsUITests.swift */ = {isa = PBXFileReference; lastKnownFileType = sourcecode.swift; path = DailyAffirmationsUITests.swift; sourceTree = "<group>"; };
		B5DA202A2DB9B29A004D010F /* DailyAffirmationsUITestsLaunchTests.swift */ = {isa = PBXFileReference; lastKnownFileType = sourcecode.swift; path = DailyAffirmationsUITestsLaunchTests.swift; sourceTree = "<group>"; };
		B5DA20372DB9C267004D010F /* AboutView.swift */ = {isa = PBXFileReference; lastKnownFileType = sourcecode.swift; path = AboutView.swift; sourceTree = "<group>"; };
/* End PBXFileReference section */

/* Begin PBXFrameworksBuildPhase section */
		B5DA20072DB9B290004D010F /* Frameworks */ = {
			isa = PBXFrameworksBuildPhase;
			buildActionMask = 2147483647;
			files = (
			);
			runOnlyForDeploymentPostprocessing = 0;
		};
		B5DA20172DB9B29A004D010F /* Frameworks */ = {
			isa = PBXFrameworksBuildPhase;
			buildActionMask = 2147483647;
			files = (
			);
			runOnlyForDeploymentPostprocessing = 0;
		};
		B5DA20212DB9B29A004D010F /* Frameworks */ = {
			isa = PBXFrameworksBuildPhase;
			buildActionMask = 2147483647;
			files = (
			);
			runOnlyForDeploymentPostprocessing = 0;
		};
/* End PBXFrameworksBuildPhase section */

/* Begin PBXGroup section */
		B5DA20012DB9B290004D010F = {
			isa = PBXGroup;
			children = (
				B5DA200C2DB9B290004D010F /* DailyAffirmations */,
				B5DA201D2DB9B29A004D010F /* DailyAffirmationsTests */,
				B5DA20272DB9B29A004D010F /* DailyAffirmationsUITests */,
				B5DA200B2DB9B290004D010F /* Products */,
			);
			sourceTree = "<group>";
		};
		B5DA200B2DB9B290004D010F /* Products */ = {
			isa = PBXGroup;
			children = (
				B5DA200A2DB9B290004D010F /* DailyAffirmations.app */,
				B5DA201A2DB9B29A004D010F /* DailyAffirmationsTests.xctest */,
				B5DA20242DB9B29A004D010F /* DailyAffirmationsUITests.xctest */,
			);
			name = Products;
			sourceTree = "<group>";
		};
		B5DA200C2DB9B290004D010F /* DailyAffirmations */ = {
			isa = PBXGroup;
			children = (
				B5DA200D2DB9B290004D010F /* DailyAffirmationsApp.swift */,
				B5DA20372DB9C267004D010F /* AboutView.swift */,
				B5DA200F2DB9B290004D010F /* ContentView.swift */,
				B5DA20112DB9B299004D010F /* Assets.xcassets */,
				B5DA20132DB9B299004D010F /* Preview Content */,
			);
			path = DailyAffirmations;
			sourceTree = "<group>";
		};
		B5DA20132DB9B299004D010F /* Preview Content */ = {
			isa = PBXGroup;
			children = (
				B5DA20142DB9B299004D010F /* Preview Assets.xcassets */,
			);
			path = "Preview Content";
			sourceTree = "<group>";
		};
		B5DA201D2DB9B29A004D010F /* DailyAffirmationsTests */ = {
			isa = PBXGroup;
			children = (
				B5DA201E2DB9B29A004D010F /* DailyAffirmationsTests.swift */,
			);
			path = DailyAffirmationsTests;
			sourceTree = "<group>";
		};
		B5DA20272DB9B29A004D010F /* DailyAffirmationsUITests */ = {
			isa = PBXGroup;
			children = (
				B5DA20282DB9B29A004D010F /* DailyAffirmationsUITests.swift */,
				B5DA202A2DB9B29A004D010F /* DailyAffirmationsUITestsLaunchTests.swift */,
			);
			path = DailyAffirmationsUITests;
			sourceTree = "<group>";
		};
/* End PBXGroup section */

/* Begin PBXNativeTarget section */
		B5DA20092DB9B290004D010F /* DailyAffirmations */ = {
			isa = PBXNativeTarget;
			buildConfigurationList = B5DA202E2DB9B29A004D010F /* Build configuration list for PBXNativeTarget "DailyAffirmations" */;
			buildPhases = (
				B5DA20062DB9B290004D010F /* Sources */,
				B5DA20072DB9B290004D010F /* Frameworks */,
				B5DA20082DB9B290004D010F /* Resources */,
			);
			buildRules = (
			);
			dependencies = (
			);
			name = DailyAffirmations;
			productName = DailyAffirmations;
			productReference = B5DA200A2DB9B290004D010F /* DailyAffirmations.app */;
			productType = "com.apple.product-type.application";
		};
		B5DA20192DB9B29A004D010F /* DailyAffirmationsTests */ = {
			isa = PBXNativeTarget;
			buildConfigurationList = B5DA20312DB9B29A004D010F /* Build configuration list for PBXNativeTarget "DailyAffirmationsTests" */;
			buildPhases = (
				B5DA20162DB9B29A004D010F /* Sources */,
				B5DA20172DB9B29A004D010F /* Frameworks */,
				B5DA20182DB9B29A004D010F /* Resources */,
			);
			buildRules = (
			);
			dependencies = (
				B5DA201C2DB9B29A004D010F /* PBXTargetDependency */,
			);
			name = DailyAffirmationsTests;
			productName = DailyAffirmationsTests;
			productReference = B5DA201A2DB9B29A004D010F /* DailyAffirmationsTests.xctest */;
			productType = "com.apple.product-type.bundle.unit-test";
		};
		B5DA20232DB9B29A004D010F /* DailyAffirmationsUITests */ = {
			isa = PBXNativeTarget;
			buildConfigurationList = B5DA20342DB9B29A004D010F /* Build configuration list for PBXNativeTarget "DailyAffirmationsUITests" */;
			buildPhases = (
				B5DA20202DB9B29A004D010F /* Sources */,
				B5DA20212DB9B29A004D010F /* Frameworks */,
				B5DA20222DB9B29A004D010F /* Resources */,
			);
			buildRules = (
			);
			dependencies = (
				B5DA20262DB9B29A004D010F /* PBXTargetDependency */,
			);
			name = DailyAffirmationsUITests;
			productName = DailyAffirmationsUITests;
			productReference = B5DA20242DB9B29A004D010F /* DailyAffirmationsUITests.xctest */;
			productType = "com.apple.product-type.bundle.ui-testing";
		};
/* End PBXNativeTarget section */

/* Begin PBXProject section */
		B5DA20022DB9B290004D010F /* Project object */ = {
			isa = PBXProject;
			attributes = {
				BuildIndependentTargetsInParallel = 1;
				LastSwiftUpdateCheck = 1420;
				LastUpgradeCheck = 1420;
				TargetAttributes = {
					B5DA20092DB9B290004D010F = {
						CreatedOnToolsVersion = 14.2;
					};
					B5DA20192DB9B29A004D010F = {
						CreatedOnToolsVersion = 14.2;
						TestTargetID = B5DA20092DB9B290004D010F;
					};
					B5DA20232DB9B29A004D010F = {
						CreatedOnToolsVersion = 14.2;
						TestTargetID = B5DA20092DB9B290004D010F;
					};
				};
			};
			buildConfigurationList = B5DA20052DB9B290004D010F /* Build configuration list for PBXProject "DailyAffirmations" */;
			compatibilityVersion = "Xcode 14.0";
			developmentRegion = en;
			hasScannedForEncodings = 0;
			knownRegions = (
				en,
				Base,
			);
			mainGroup = B5DA20012DB9B290004D010F;
			productRefGroup = B5DA200B2DB9B290004D010F /* Products */;
			projectDirPath = "";
			projectRoot = "";
			targets = (
				B5DA20092DB9B290004D010F /* DailyAffirmations */,
				B5DA20192DB9B29A004D010F /* DailyAffirmationsTests */,
				B5DA20232DB9B29A004D010F /* DailyAffirmationsUITests */,
			);
		};
/* End PBXProject section */

/* Begin PBXResourcesBuildPhase section */
		B5DA20082DB9B290004D010F /* Resources */ = {
			isa = PBXResourcesBuildPhase;
			buildActionMask = 2147483647;
			files = (
				B5DA20152DB9B299004D010F /* Preview Assets.xcassets in Resources */,
				B5DA20122DB9B299004D010F /* Assets.xcassets in Resources */,
			);
			runOnlyForDeploymentPostprocessing = 0;
		};
		B5DA20182DB9B29A004D010F /* Resources */ = {
			isa = PBXResourcesBuildPhase;
			buildActionMask = 2147483647;
			files = (
			);
			runOnlyForDeploymentPostprocessing = 0;
		};
		B5DA20222DB9B29A004D010F /* Resources */ = {
			isa = PBXResourcesBuildPhase;
			buildActionMask = 2147483647;
			files = (
			);
			runOnlyForDeploymentPostprocessing = 0;
		};
/* End PBXResourcesBuildPhase section */

/* Begin PBXSourcesBuildPhase section */
		B5DA20062DB9B290004D010F /* Sources */ = {
			isa = PBXSourcesBuildPhase;
			buildActionMask = 2147483647;
			files = (
				B5DA20102DB9B290004D010F /* ContentView.swift in Sources */,
				B5DA20382DB9C267004D010F /* AboutView.swift in Sources */,
				B5DA200E2DB9B290004D010F /* DailyAffirmationsApp.swift in Sources */,
			);
			runOnlyForDeploymentPostprocessing = 0;
		};
		B5DA20162DB9B29A004D010F /* Sources */ = {
			isa = PBXSourcesBuildPhase;
			buildActionMask = 2147483647;
			files = (
				B5DA201F2DB9B29A004D010F /* DailyAffirmationsTests.swift in Sources */,
			);
			runOnlyForDeploymentPostprocessing = 0;
		};
		B5DA20202DB9B29A004D010F /* Sources */ = {
			isa = PBXSourcesBuildPhase;
			buildActionMask = 2147483647;
			files = (
				B5DA20292DB9B29A004D010F /* DailyAffirmationsUITests.swift in Sources */,
				B5DA202B2DB9B29A004D010F /* DailyAffirmationsUITestsLaunchTests.swift in Sources */,
			);
			runOnlyForDeploymentPostprocessing = 0;
		};
/* End PBXSourcesBuildPhase section */

/* Begin PBXTargetDependency section */
		B5DA201C2DB9B29A004D010F /* PBXTargetDependency */ = {
			isa = PBXTargetDependency;
			target = B5DA20092DB9B290004D010F /* DailyAffirmations */;
			targetProxy = B5DA201B2DB9B29A004D010F /* PBXContainerItemProxy */;
		};
		B5DA20262DB9B29A004D010F /* PBXTargetDependency */ = {
			isa = PBXTargetDependency;
			target = B5DA20092DB9B290004D010F /* DailyAffirmations */;
			targetProxy = B5DA20252DB9B29A004D010F /* PBXContainerItemProxy */;
		};
/* End PBXTargetDependency section */

/* Begin XCBuildConfiguration section */
		B5DA202C2DB9B29A004D010F /* Debug */ = {
			isa = XCBuildConfiguration;
			buildSettings = {
				ALWAYS_SEARCH_USER_PATHS = NO;
				CLANG_ANALYZER_NONNULL = YES;
				CLANG_ANALYZER_NUMBER_OBJECT_CONVERSION = YES_AGGRESSIVE;
				CLANG_CXX_LANGUAGE_STANDARD = "gnu++20";
				CLANG_ENABLE_MODULES = YES;
				CLANG_ENABLE_OBJC_ARC = YES;
				CLANG_ENABLE_OBJC_WEAK = YES;
				CLANG_WARN_BLOCK_CAPTURE_AUTORELEASING = YES;
				CLANG_WARN_BOOL_CONVERSION = YES;
				CLANG_WARN_COMMA = YES;
				CLANG_WARN_CONSTANT_CONVERSION = YES;
				CLANG_WARN_DEPRECATED_OBJC_IMPLEMENTATIONS = YES;
				CLANG_WARN_DIRECT_OBJC_ISA_USAGE = YES_ERROR;
				CLANG_WARN_DOCUMENTATION_COMMENTS = YES;
				CLANG_WARN_EMPTY_BODY = YES;
				CLANG_WARN_ENUM_CONVERSION = YES;
				CLANG_WARN_INFINITE_RECURSION = YES;
				CLANG_WARN_INT_CONVERSION = YES;
				CLANG_WARN_NON_LITERAL_NULL_CONVERSION = YES;
				CLANG_WARN_OBJC_IMPLICIT_RETAIN_SELF = YES;
				CLANG_WARN_OBJC_LITERAL_CONVERSION = YES;
				CLANG_WARN_OBJC_ROOT_CLASS = YES_ERROR;
				CLANG_WARN_QUOTED_INCLUDE_IN_FRAMEWORK_HEADER = YES;
				CLANG_WARN_RANGE_LOOP_ANALYSIS = YES;
				CLANG_WARN_STRICT_PROTOTYPES = YES;
				CLANG_WARN_SUSPICIOUS_MOVE = YES;
				CLANG_WARN_UNGUARDED_AVAILABILITY = YES_AGGRESSIVE;
				CLANG_WARN_UNREACHABLE_CODE = YES;
				CLANG_WARN__DUPLICATE_METHOD_MATCH = YES;
				COPY_PHASE_STRIP = NO;
				DEBUG_INFORMATION_FORMAT = dwarf;
				ENABLE_STRICT_OBJC_MSGSEND = YES;
				ENABLE_TESTABILITY = YES;
				GCC_C_LANGUAGE_STANDARD = gnu11;
				GCC_DYNAMIC_NO_PIC = NO;
				GCC_NO_COMMON_BLOCKS = YES;
				GCC_OPTIMIZATION_LEVEL = 0;
				GCC_PREPROCESSOR_DEFINITIONS = (
					"DEBUG=1",
					"$(inherited)",
				);
				GCC_WARN_64_TO_32_BIT_CONVERSION = YES;
				GCC_WARN_ABOUT_RETURN_TYPE = YES_ERROR;
				GCC_WARN_UNDECLARED_SELECTOR = YES;
				GCC_WARN_UNINITIALIZED_AUTOS = YES_AGGRESSIVE;
				GCC_WARN_UNUSED_FUNCTION = YES;
				GCC_WARN_UNUSED_VARIABLE = YES;
				IPHONEOS_DEPLOYMENT_TARGET = 16.2;
				MTL_ENABLE_DEBUG_INFO = INCLUDE_SOURCE;
				MTL_FAST_MATH = YES;
				ONLY_ACTIVE_ARCH = YES;
				SDKROOT = iphoneos;
				SWIFT_ACTIVE_COMPILATION_CONDITIONS = DEBUG;
				SWIFT_OPTIMIZATION_LEVEL = "-Onone";
			};
			name = Debug;
		};
		B5DA202D2DB9B29A004D010F /* Release */ = {
			isa = XCBuildConfiguration;
			buildSettings = {
				ALWAYS_SEARCH_USER_PATHS = NO;
				CLANG_ANALYZER_NONNULL = YES;
				CLANG_ANALYZER_NUMBER_OBJECT_CONVERSION = YES_AGGRESSIVE;
				CLANG_CXX_LANGUAGE_STANDARD = "gnu++20";
				CLANG_ENABLE_MODULES = YES;
				CLANG_ENABLE_OBJC_ARC = YES;
				CLANG_ENABLE_OBJC_WEAK = YES;
				CLANG_WARN_BLOCK_CAPTURE_AUTORELEASING = YES;
				CLANG_WARN_BOOL_CONVERSION = YES;
				CLANG_WARN_COMMA = YES;
				CLANG_WARN_CONSTANT_CONVERSION = YES;
				CLANG_WARN_DEPRECATED_OBJC_IMPLEMENTATIONS = YES;
				CLANG_WARN_DIRECT_OBJC_ISA_USAGE = YES_ERROR;
				CLANG_WARN_DOCUMENTATION_COMMENTS = YES;
				CLANG_WARN_EMPTY_BODY = YES;
				CLANG_WARN_ENUM_CONVERSION = YES;
				CLANG_WARN_INFINITE_RECURSION = YES;
				CLANG_WARN_INT_CONVERSION = YES;
				CLANG_WARN_NON_LITERAL_NULL_CONVERSION = YES;
				CLANG_WARN_OBJC_IMPLICIT_RETAIN_SELF = YES;
				CLANG_WARN_OBJC_LITERAL_CONVERSION = YES;
				CLANG_WARN_OBJC_ROOT_CLASS = YES_ERROR;
				CLANG_WARN_QUOTED_INCLUDE_IN_FRAMEWORK_HEADER = YES;
				CLANG_WARN_RANGE_LOOP_ANALYSIS = YES;
				CLANG_WARN_STRICT_PROTOTYPES = YES;
				CLANG_WARN_SUSPICIOUS_MOVE = YES;
				CLANG_WARN_UNGUARDED_AVAILABILITY = YES_AGGRESSIVE;
				CLANG_WARN_UNREACHABLE_CODE = YES;
				CLANG_WARN__DUPLICATE_METHOD_MATCH = YES;
				COPY_PHASE_STRIP = NO;
				DEBUG_INFORMATION_FORMAT = "dwarf-with-dsym";
				ENABLE_NS_ASSERTIONS = NO;
				ENABLE_STRICT_OBJC_MSGSEND = YES;
				GCC_C_LANGUAGE_STANDARD = gnu11;
				GCC_NO_COMMON_BLOCKS = YES;
				GCC_WARN_64_TO_32_BIT_CONVERSION = YES;
				GCC_WARN_ABOUT_RETURN_TYPE = YES_ERROR;
				GCC_WARN_UNDECLARED_SELECTOR = YES;
				GCC_WARN_UNINITIALIZED_AUTOS = YES_AGGRESSIVE;
				GCC_WARN_UNUSED_FUNCTION = YES;
				GCC_WARN_UNUSED_VARIABLE = YES;
				IPHONEOS_DEPLOYMENT_TARGET = 16.2;
				MTL_ENABLE_DEBUG_INFO = NO;
				MTL_FAST_MATH = YES;
				SDKROOT = iphoneos;
				SWIFT_COMPILATION_MODE = wholemodule;
				SWIFT_OPTIMIZATION_LEVEL = "-O";
				VALIDATE_PRODUCT = YES;
			};
			name = Release;
		};
		B5DA202F2DB9B29A004D010F /* Debug */ = {
			isa = XCBuildConfiguration;
			buildSettings = {
				ASSETCATALOG_COMPILER_APPICON_NAME = AppIcon;
				ASSETCATALOG_COMPILER_GLOBAL_ACCENT_COLOR_NAME = AccentColor;
				CODE_SIGN_STYLE = Automatic;
				CURRENT_PROJECT_VERSION = 1;
				DEVELOPMENT_ASSET_PATHS = "\"DailyAffirmations/Preview Content\"";
				ENABLE_PREVIEWS = YES;
				GENERATE_INFOPLIST_FILE = YES;
				INFOPLIST_KEY_UIApplicationSceneManifest_Generation = YES;
				INFOPLIST_KEY_UIApplicationSupportsIndirectInputEvents = YES;
				INFOPLIST_KEY_UILaunchScreen_Generation = YES;
				INFOPLIST_KEY_UISupportedInterfaceOrientations_iPad = "UIInterfaceOrientationPortrait UIInterfaceOrientationPortraitUpsideDown UIInterfaceOrientationLandscapeLeft UIInterfaceOrientationLandscapeRight";
				INFOPLIST_KEY_UISupportedInterfaceOrientations_iPhone = "UIInterfaceOrientationPortrait UIInterfaceOrientationLandscapeLeft UIInterfaceOrientationLandscapeRight";
				LD_RUNPATH_SEARCH_PATHS = (
					"$(inherited)",
					"@executable_path/Frameworks",
				);
				MARKETING_VERSION = 1.0;
				PRODUCT_BUNDLE_IDENTIFIER = "com.metrostate.daily-affirmation.DailyAffirmations";
				PRODUCT_NAME = "$(TARGET_NAME)";
				SWIFT_EMIT_LOC_STRINGS = YES;
				SWIFT_VERSION = 5.0;
				TARGETED_DEVICE_FAMILY = "1,2";
			};
			name = Debug;
		};
		B5DA20302DB9B29A004D010F /* Release */ = {
			isa = XCBuildConfiguration;
			buildSettings = {
				ASSETCATALOG_COMPILER_APPICON_NAME = AppIcon;
				ASSETCATALOG_COMPILER_GLOBAL_ACCENT_COLOR_NAME = AccentColor;
				CODE_SIGN_STYLE = Automatic;
				CURRENT_PROJECT_VERSION = 1;
				DEVELOPMENT_ASSET_PATHS = "\"DailyAffirmations/Preview Content\"";
				ENABLE_PREVIEWS = YES;
				GENERATE_INFOPLIST_FILE = YES;
				INFOPLIST_KEY_UIApplicationSceneManifest_Generation = YES;
				INFOPLIST_KEY_UIApplicationSupportsIndirectInputEvents = YES;
				INFOPLIST_KEY_UILaunchScreen_Generation = YES;
				INFOPLIST_KEY_UISupportedInterfaceOrientations_iPad = "UIInterfaceOrientationPortrait UIInterfaceOrientationPortraitUpsideDown UIInterfaceOrientationLandscapeLeft UIInterfaceOrientationLandscapeRight";
				INFOPLIST_KEY_UISupportedInterfaceOrientations_iPhone = "UIInterfaceOrientationPortrait UIInterfaceOrientationLandscapeLeft UIInterfaceOrientationLandscapeRight";
				LD_RUNPATH_SEARCH_PATHS = (
					"$(inherited)",
					"@executable_path/Frameworks",
				);
				MARKETING_VERSION = 1.0;
				PRODUCT_BUNDLE_IDENTIFIER = "com.metrostate.daily-affirmation.DailyAffirmations";
				PRODUCT_NAME = "$(TARGET_NAME)";
				SWIFT_EMIT_LOC_STRINGS = YES;
				SWIFT_VERSION = 5.0;
				TARGETED_DEVICE_FAMILY = "1,2";
			};
			name = Release;
		};
		B5DA20322DB9B29A004D010F /* Debug */ = {
			isa = XCBuildConfiguration;
			buildSettings = {
				ALWAYS_EMBED_SWIFT_STANDARD_LIBRARIES = YES;
				BUNDLE_LOADER = "$(TEST_HOST)";
				CODE_SIGN_STYLE = Automatic;
				CURRENT_PROJECT_VERSION = 1;
				GENERATE_INFOPLIST_FILE = YES;
				IPHONEOS_DEPLOYMENT_TARGET = 16.2;
				MARKETING_VERSION = 1.0;
				PRODUCT_BUNDLE_IDENTIFIER = "com.metrostate.daily-affirmation.DailyAffirmationsTests";
				PRODUCT_NAME = "$(TARGET_NAME)";
				SWIFT_EMIT_LOC_STRINGS = NO;
				SWIFT_VERSION = 5.0;
				TARGETED_DEVICE_FAMILY = "1,2";
				TEST_HOST = "$(BUILT_PRODUCTS_DIR)/DailyAffirmations.app/$(BUNDLE_EXECUTABLE_FOLDER_PATH)/DailyAffirmations";
			};
			name = Debug;
		};
		B5DA20332DB9B29A004D010F /* Release */ = {
			isa = XCBuildConfiguration;
			buildSettings = {
				ALWAYS_EMBED_SWIFT_STANDARD_LIBRARIES = YES;
				BUNDLE_LOADER = "$(TEST_HOST)";
				CODE_SIGN_STYLE = Automatic;
				CURRENT_PROJECT_VERSION = 1;
				GENERATE_INFOPLIST_FILE = YES;
				IPHONEOS_DEPLOYMENT_TARGET = 16.2;
				MARKETING_VERSION = 1.0;
				PRODUCT_BUNDLE_IDENTIFIER = "com.metrostate.daily-affirmation.DailyAffirmationsTests";
				PRODUCT_NAME = "$(TARGET_NAME)";
				SWIFT_EMIT_LOC_STRINGS = NO;
				SWIFT_VERSION = 5.0;
				TARGETED_DEVICE_FAMILY = "1,2";
				TEST_HOST = "$(BUILT_PRODUCTS_DIR)/DailyAffirmations.app/$(BUNDLE_EXECUTABLE_FOLDER_PATH)/DailyAffirmations";
			};
			name = Release;
		};
		B5DA20352DB9B29A004D010F /* Debug */ = {
			isa = XCBuildConfiguration;
			buildSettings = {
				ALWAYS_EMBED_SWIFT_STANDARD_LIBRARIES = YES;
				CODE_SIGN_STYLE = Automatic;
				CURRENT_PROJECT_VERSION = 1;
				GENERATE_INFOPLIST_FILE = YES;
				MARKETING_VERSION = 1.0;
				PRODUCT_BUNDLE_IDENTIFIER = "com.metrostate.daily-affirmation.DailyAffirmationsUITests";
				PRODUCT_NAME = "$(TARGET_NAME)";
				SWIFT_EMIT_LOC_STRINGS = NO;
				SWIFT_VERSION = 5.0;
				TARGETED_DEVICE_FAMILY = "1,2";
				TEST_TARGET_NAME = DailyAffirmations;
			};
			name = Debug;
		};
		B5DA20362DB9B29A004D010F /* Release */ = {
			isa = XCBuildConfiguration;
			buildSettings = {
				ALWAYS_EMBED_SWIFT_STANDARD_LIBRARIES = YES;
				CODE_SIGN_STYLE = Automatic;
				CURRENT_PROJECT_VERSION = 1;
				GENERATE_INFOPLIST_FILE = YES;
				MARKETING_VERSION = 1.0;
				PRODUCT_BUNDLE_IDENTIFIER = "com.metrostate.daily-affirmation.DailyAffirmationsUITests";
				PRODUCT_NAME = "$(TARGET_NAME)";
				SWIFT_EMIT_LOC_STRINGS = NO;
				SWIFT_VERSION = 5.0;
				TARGETED_DEVICE_FAMILY = "1,2";
				TEST_TARGET_NAME = DailyAffirmations;
			};
			name = Release;
		};
/* End XCBuildConfiguration section */

/* Begin XCConfigurationList section */
		B5DA20052DB9B290004D010F /* Build configuration list for PBXProject "DailyAffirmations" */ = {
			isa = XCConfigurationList;
			buildConfigurations = (
				B5DA202C2DB9B29A004D010F /* Debug */,
				B5DA202D2DB9B29A004D010F /* Release */,
			);
			defaultConfigurationIsVisible = 0;
			defaultConfigurationName = Release;
		};
		B5DA202E2DB9B29A004D010F /* Build configuration list for PBXNativeTarget "DailyAffirmations" */ = {
			isa = XCConfigurationList;
			buildConfigurations = (
				B5DA202F2DB9B29A004D010F /* Debug */,
				B5DA20302DB9B29A004D010F /* Release */,
			);
			defaultConfigurationIsVisible = 0;
			defaultConfigurationName = Release;
		};
		B5DA20312DB9B29A004D010F /* Build configuration list for PBXNativeTarget "DailyAffirmationsTests" */ = {
			isa = XCConfigurationList;
			buildConfigurations = (
				B5DA20322DB9B29A004D010F /* Debug */,
				B5DA20332DB9B29A004D010F /* Release */,
			);
			defaultConfigurationIsVisible = 0;
			defaultConfigurationName = Release;
		};
		B5DA20342DB9B29A004D010F /* Build configuration list for PBXNativeTarget "DailyAffirmationsUITests" */ = {
			isa = XCConfigurationList;
			buildConfigurations = (
				B5DA20352DB9B29A004D010F /* Debug */,
				B5DA20362DB9B29A004D010F /* Release */,
			);
			defaultConfigurationIsVisible = 0;
			defaultConfigurationName = Release;
		};
/* End XCConfigurationList section */
	};
	rootObject = B5DA20022DB9B290004D010F /* Project object */;
}
